
Microsoft Visual Studio Solution File, Format Version 12.00
# Visual Studio Version 16
VisualStudioVersion = 16.0.29519.161
MinimumVisualStudioVersion = 10.0.40219.1
Project("{FAE04EC0-301F-11D3-BF4B-00C04F79EFBC}") = "VotingSystem", "VotingSystem.csproj", "{1B7D86E1-00F2-4926-AAFF-0B84C690ACB6}"
EndProject
Global
	GlobalSection(SolutionConfigurationPlatforms) = preSolution
		Debug|Any CPU = Debug|Any CPU
		Release|Any CPU = Release|Any CPU
	EndGlobalSection
	GlobalSection(ProjectConfigurationPlatforms) = postSolution
		{1B7D86E1-00F2-4926-AAFF-0B84C690ACB6}.Debug|Any CPU.ActiveCfg = Debug|Any CPU
		{1B7D86E1-00F2-4926-AAFF-0B84C690ACB6}.Debug|Any CPU.Build.0 = Debug|Any CPU
		{1B7D86E1-00F2-4926-AAFF-0B84C690ACB6}.Release|Any CPU.ActiveCfg = Release|Any CPU
		{1B7D86E1-00F2-4926-AAFF-0B84C690ACB6}.Release|Any CPU.Build.0 = Release|Any CPU
	EndGlobalSection
	GlobalSection(SolutionProperties) = preSolution
		HideSolutionNode = FALSE
	EndGlobalSection
	GlobalSection(ExtensibilityGlobals) = postSolution
		SolutionGuid = {E192E698-08D7-4428-8904-E053A4E4B1F6}
	EndGlobalSection
EndGlobal
